Microsoft Visual Studio Solution File, Format Version 12.00
# Visual Studio Version 17
VisualStudioVersion = 17.5.2.0
MinimumVisualStudioVersion = 10.0.40219.1
Project("{FAE04EC0-301F-11D3-BF4B-00C04F79EFBC}") = "C_sharp_course", "C_sharp_course.csproj", "{758541FA-E59F-B6D5-9A4C-C4C4D592FACF}"
EndProject
Global
	GlobalSection(SolutionConfigurationPlatforms) = preSolution
		Debug|Any CPU = Debug|Any CPU
		Release|Any CPU = Release|Any CPU
	EndGlobalSection
	GlobalSection(ProjectConfigurationPlatforms) = postSolution
		{758541FA-E59F-B6D5-9A4C-C4C4D592FACF}.Debug|Any CPU.ActiveCfg = Debug|Any CPU
		{758541FA-E59F-B6D5-9A4C-C4C4D592FACF}.Debug|Any CPU.Build.0 = Debug|Any CPU
		{758541FA-E59F-B6D5-9A4C-C4C4D592FACF}.Release|Any CPU.ActiveCfg = Release|Any CPU
		{758541FA-E59F-B6D5-9A4C-C4C4D592FACF}.Release|Any CPU.Build.0 = Release|Any CPU
	EndGlobalSection
	GlobalSection(SolutionProperties) = preSolution
		HideSolutionNode = FALSE
	EndGlobalSection
	GlobalSection(ExtensibilityGlobals) = postSolution
		SolutionGuid = {7FA4EC0D-E5AE-4D8C-A1E2-93EDAF4E052F}
	EndGlobalSection
EndGlobal
